// !$*UTF8*$!
{
	archiveVersion = 1;
	classes = {
	};
	objectVersion = 56;
	objects = {

/* Begin PBXBuildFile section */
		E42B375E2AE1839100E5B621 /* Restaurant.swift in Sources */ = {isa = PBXBuildFile; fileRef = E42B375D2AE1839100E5B621 /* Restaurant.swift */; };
		E42B37602AE1855B00E5B621 /* Cuisine.swift in Sources */ = {isa = PBXBuildFile; fileRef = E42B375F2AE1855B00E5B621 /* Cuisine.swift */; };
		E42B37622AE1B51F00E5B621 /* CuisineCollectionViewCell.swift in Sources */ = {isa = PBXBuildFile; fileRef = E42B37612AE1B51F00E5B621 /* CuisineCollectionViewCell.swift */; };
		E42B378A2AE1CB0300E5B621 /* PopularRestTableViewCell.swift in Sources */ = {isa = PBXBuildFile; fileRef = E42B37892AE1CB0300E5B621 /* PopularRestTableViewCell.swift */; };
		E4B8BAA72AE07A570018F931 /* AppDelegate.swift in Sources */ = {isa = PBXBuildFile; fileRef = E4B8BAA62AE07A570018F931 /* AppDelegate.swift */; };
		E4B8BAA92AE07A570018F931 /* SceneDelegate.swift in Sources */ = {isa = PBXBuildFile; fileRef = E4B8BAA82AE07A570018F931 /* SceneDelegate.swift */; };
		E4B8BAAB2AE07A570018F931 /* HomeViewController.swift in Sources */ = {isa = PBXBuildFile; fileRef = E4B8BAAA2AE07A570018F931 /* HomeViewController.swift */; };
		E4B8BAB02AE07A580018F931 /* Assets.xcassets in Resources */ = {isa = PBXBuildFile; fileRef = E4B8BAAF2AE07A580018F931 /* Assets.xcassets */; };
		E4B8BABC2AE07C0C0018F931 /* ProfileViewController.swift in Sources */ = {isa = PBXBuildFile; fileRef = E4B8BABB2AE07C0C0018F931 /* ProfileViewController.swift */; };
		E4B8BABE2AE07C5F0018F931 /* TabViewController.swift in Sources */ = {isa = PBXBuildFile; fileRef = E4B8BABD2AE07C5F0018F931 /* TabViewController.swift */; };
		E4D47EAC2AEAA0EC00AF9761 /* MostPopularCollectionViewCell.swift in Sources */ = {isa = PBXBuildFile; fileRef = E4D47EAB2AEAA0EC00AF9761 /* MostPopularCollectionViewCell.swift */; };
		E4D47EAE2AEAA10900AF9761 /* RecentItemsTableViewCell.swift in Sources */ = {isa = PBXBuildFile; fileRef = E4D47EAD2AEAA10900AF9761 /* RecentItemsTableViewCell.swift */; };
/* End PBXBuildFile section */

/* Begin PBXFileReference section */
		E42B375D2AE1839100E5B621 /* Restaurant.swift */ = {isa = PBXFileReference; lastKnownFileType = sourcecode.swift; path = Restaurant.swift; sourceTree = "<group>"; };
		E42B375F2AE1855B00E5B621 /* Cuisine.swift */ = {isa = PBXFileReference; lastKnownFileType = sourcecode.swift; path = Cuisine.swift; sourceTree = "<group>"; };
		E42B37612AE1B51F00E5B621 /* CuisineCollectionViewCell.swift */ = {isa = PBXFileReference; lastKnownFileType = sourcecode.swift; path = CuisineCollectionViewCell.swift; sourceTree = "<group>"; };
		E42B37892AE1CB0300E5B621 /* PopularRestTableViewCell.swift */ = {isa = PBXFileReference; lastKnownFileType = sourcecode.swift; path = PopularRestTableViewCell.swift; sourceTree = "<group>"; };
		E4B8BAA32AE07A570018F931 /* Homework-1.app */ = {isa = PBXFileReference; explicitFileType = wrapper.application; includeInIndex = 0; path = "Homework-1.app"; sourceTree = BUILT_PRODUCTS_DIR; };
		E4B8BAA62AE07A570018F931 /* AppDelegate.swift */ = {isa = PBXFileReference; lastKnownFileType = sourcecode.swift; path = AppDelegate.swift; sourceTree = "<group>"; };
		E4B8BAA82AE07A570018F931 /* SceneDelegate.swift */ = {isa = PBXFileReference; lastKnownFileType = sourcecode.swift; path = SceneDelegate.swift; sourceTree = "<group>"; };
		E4B8BAAA2AE07A570018F931 /* HomeViewController.swift */ = {isa = PBXFileReference; lastKnownFileType = sourcecode.swift; path = HomeViewController.swift; sourceTree = "<group>"; };
		E4B8BAAF2AE07A580018F931 /* Assets.xcassets */ = {isa = PBXFileReference; lastKnownFileType = folder.assetcatalog; path = Assets.xcassets; sourceTree = "<group>"; };
		E4B8BAB42AE07A580018F931 /* Info.plist */ = {isa = PBXFileReference; lastKnownFileType = text.plist.xml; path = Info.plist; sourceTree = "<group>"; };
		E4B8BABB2AE07C0C0018F931 /* ProfileViewController.swift */ = {isa = PBXFileReference; lastKnownFileType = sourcecode.swift; path = ProfileViewController.swift; sourceTree = "<group>"; };
		E4B8BABD2AE07C5F0018F931 /* TabViewController.swift */ = {isa = PBXFileReference; lastKnownFileType = sourcecode.swift; path = TabViewController.swift; sourceTree = "<group>"; };
		E4D47EAB2AEAA0EC00AF9761 /* MostPopularCollectionViewCell.swift */ = {isa = PBXFileReference; lastKnownFileType = sourcecode.swift; path = MostPopularCollectionViewCell.swift; sourceTree = "<group>"; };
		E4D47EAD2AEAA10900AF9761 /* RecentItemsTableViewCell.swift */ = {isa = PBXFileReference; lastKnownFileType = sourcecode.swift; path = RecentItemsTableViewCell.swift; sourceTree = "<group>"; };
/* End PBXFileReference section */

/* Begin PBXFrameworksBuildPhase section */
		E4B8BAA02AE07A570018F931 /* Frameworks */ = {
			isa = PBXFrameworksBuildPhase;
			buildActionMask = 2147483647;
			files = (
			);
			runOnlyForDeploymentPostprocessing = 0;
		};
/* End PBXFrameworksBuildPhase section */

/* Begin PBXGroup section */
		E42B378B2AE1D4F200E5B621 /* Model */ = {
			isa = PBXGroup;
			children = (
				E42B375F2AE1855B00E5B621 /* Cuisine.swift */,
				E42B375D2AE1839100E5B621 /* Restaurant.swift */,
			);
			path = Model;
			sourceTree = "<group>";
		};
		E42B378C2AE1D51900E5B621 /* Cells */ = {
			isa = PBXGroup;
			children = (
				E42B37612AE1B51F00E5B621 /* CuisineCollectionViewCell.swift */,
				E42B37892AE1CB0300E5B621 /* PopularRestTableViewCell.swift */,
				E4D47EAB2AEAA0EC00AF9761 /* MostPopularCollectionViewCell.swift */,
				E4D47EAD2AEAA10900AF9761 /* RecentItemsTableViewCell.swift */,
			);
			path = Cells;
			sourceTree = "<group>";
		};
		E42B378D2AE1D55700E5B621 /* TabBar */ = {
			isa = PBXGroup;
			children = (
				E4B8BABD2AE07C5F0018F931 /* TabViewController.swift */,
			);
			path = TabBar;
			sourceTree = "<group>";
		};
		E44067762AEAB07D003BA058 /* View */ = {
			isa = PBXGroup;
			children = (
				E4B8BAAA2AE07A570018F931 /* HomeViewController.swift */,
				E4B8BABB2AE07C0C0018F931 /* ProfileViewController.swift */,
			);
			path = View;
			sourceTree = "<group>";
		};
		E4B8BA9A2AE07A570018F931 = {
			isa = PBXGroup;
			children = (
				E4B8BAA52AE07A570018F931 /* Homework-1 */,
				E4B8BAA42AE07A570018F931 /* Products */,
			);
			sourceTree = "<group>";
		};
		E4B8BAA42AE07A570018F931 /* Products */ = {
			isa = PBXGroup;
			children = (
				E4B8BAA32AE07A570018F931 /* Homework-1.app */,
			);
			name = Products;
			sourceTree = "<group>";
		};
		E4B8BAA52AE07A570018F931 /* Homework-1 */ = {
			isa = PBXGroup;
			children = (
				E44067762AEAB07D003BA058 /* View */,
				E42B378D2AE1D55700E5B621 /* TabBar */,
				E4B8BABA2AE07B490018F931 /* Other */,
				E42B378C2AE1D51900E5B621 /* Cells */,
				E42B378B2AE1D4F200E5B621 /* Model */,
				E4B8BAB42AE07A580018F931 /* Info.plist */,
			);
			path = "Homework-1";
			sourceTree = "<group>";
		};
		E4B8BABA2AE07B490018F931 /* Other */ = {
			isa = PBXGroup;
			children = (
				E4B8BAA62AE07A570018F931 /* AppDelegate.swift */,
				E4B8BAA82AE07A570018F931 /* SceneDelegate.swift */,
				E4B8BAAF2AE07A580018F931 /* Assets.xcassets */,
			);
			path = Other;
			sourceTree = "<group>";
		};
/* End PBXGroup section */

/* Begin PBXNativeTarget section */
		E4B8BAA22AE07A570018F931 /* Homework-1 */ = {
			isa = PBXNativeTarget;
			buildConfigurationList = E4B8BAB72AE07A580018F931 /* Build configuration list for PBXNativeTarget "Homework-1" */;
			buildPhases = (
				E4B8BA9F2AE07A570018F931 /* Sources */,
				E4B8BAA02AE07A570018F931 /* Frameworks */,
				E4B8BAA12AE07A570018F931 /* Resources */,
			);
			buildRules = (
			);
			dependencies = (
			);
			name = "Homework-1";
			productName = "Homework-1";
			productReference = E4B8BAA32AE07A570018F931 /* Homework-1.app */;
			productType = "com.apple.product-type.application";
		};
/* End PBXNativeTarget section */

/* Begin PBXProject section */
		E4B8BA9B2AE07A570018F931 /* Project object */ = {
			isa = PBXProject;
			attributes = {
				BuildIndependentTargetsInParallel = 1;
				LastSwiftUpdateCheck = 1430;
				LastUpgradeCheck = 1430;
				TargetAttributes = {
					E4B8BAA22AE07A570018F931 = {
						CreatedOnToolsVersion = 14.3.1;
					};
				};
			};
			buildConfigurationList = E4B8BA9E2AE07A570018F931 /* Build configuration list for PBXProject "Homework-1" */;
			compatibilityVersion = "Xcode 14.0";
			developmentRegion = en;
			hasScannedForEncodings = 0;
			knownRegions = (
				en,
				Base,
			);
			mainGroup = E4B8BA9A2AE07A570018F931;
			productRefGroup = E4B8BAA42AE07A570018F931 /* Products */;
			projectDirPath = "";
			projectRoot = "";
			targets = (
				E4B8BAA22AE07A570018F931 /* Homework-1 */,
			);
		};
/* End PBXProject section */

/* Begin PBXResourcesBuildPhase section */
		E4B8BAA12AE07A570018F931 /* Resources */ = {
			isa = PBXResourcesBuildPhase;
			buildActionMask = 2147483647;
			files = (
				E4B8BAB02AE07A580018F931 /* Assets.xcassets in Resources */,
			);
			runOnlyForDeploymentPostprocessing = 0;
		};
/* End PBXResourcesBuildPhase section */

/* Begin PBXSourcesBuildPhase section */
		E4B8BA9F2AE07A570018F931 /* Sources */ = {
			isa = PBXSourcesBuildPhase;
			buildActionMask = 2147483647;
			files = (
				E4B8BAAB2AE07A570018F931 /* HomeViewController.swift in Sources */,
				E42B37622AE1B51F00E5B621 /* CuisineCollectionViewCell.swift in Sources */,
				E4B8BAA72AE07A570018F931 /* AppDelegate.swift in Sources */,
				E42B375E2AE1839100E5B621 /* Restaurant.swift in Sources */,
				E42B378A2AE1CB0300E5B621 /* PopularRestTableViewCell.swift in Sources */,
				E42B37602AE1855B00E5B621 /* Cuisine.swift in Sources */,
				E4B8BABC2AE07C0C0018F931 /* ProfileViewController.swift in Sources */,
				E4D47EAC2AEAA0EC00AF9761 /* MostPopularCollectionViewCell.swift in Sources */,
				E4D47EAE2AEAA10900AF9761 /* RecentItemsTableViewCell.swift in Sources */,
				E4B8BABE2AE07C5F0018F931 /* TabViewController.swift in Sources */,
				E4B8BAA92AE07A570018F931 /* SceneDelegate.swift in Sources */,
			);
			runOnlyForDeploymentPostprocessing = 0;
		};
/* End PBXSourcesBuildPhase section */

/* Begin XCBuildConfiguration section */
		E4B8BAB52AE07A580018F931 /* Debug */ = {
			isa = XCBuildConfiguration;
			buildSettings = {
				ALWAYS_SEARCH_USER_PATHS = NO;
				CLANG_ANALYZER_NONNULL = YES;
				CLANG_ANALYZER_NUMBER_OBJECT_CONVERSION = YES_AGGRESSIVE;
				CLANG_CXX_LANGUAGE_STANDARD = "gnu++20";
				CLANG_ENABLE_MODULES = YES;
				CLANG_ENABLE_OBJC_ARC = YES;
				CLANG_ENABLE_OBJC_WEAK = YES;
				CLANG_WARN_BLOCK_CAPTURE_AUTORELEASING = YES;
				CLANG_WARN_BOOL_CONVERSION = YES;
				CLANG_WARN_COMMA = YES;
				CLANG_WARN_CONSTANT_CONVERSION = YES;
				CLANG_WARN_DEPRECATED_OBJC_IMPLEMENTATIONS = YES;
				CLANG_WARN_DIRECT_OBJC_ISA_USAGE = YES_ERROR;
				CLANG_WARN_DOCUMENTATION_COMMENTS = YES;
				CLANG_WARN_EMPTY_BODY = YES;
				CLANG_WARN_ENUM_CONVERSION = YES;
				CLANG_WARN_INFINITE_RECURSION = YES;
				CLANG_WARN_INT_CONVERSION = YES;
				CLANG_WARN_NON_LITERAL_NULL_CONVERSION = YES;
				CLANG_WARN_OBJC_IMPLICIT_RETAIN_SELF = YES;
				CLANG_WARN_OBJC_LITERAL_CONVERSION = YES;
				CLANG_WARN_OBJC_ROOT_CLASS = YES_ERROR;
				CLANG_WARN_QUOTED_INCLUDE_IN_FRAMEWORK_HEADER = YES;
				CLANG_WARN_RANGE_LOOP_ANALYSIS = YES;
				CLANG_WARN_STRICT_PROTOTYPES = YES;
				CLANG_WARN_SUSPICIOUS_MOVE = YES;
				CLANG_WARN_UNGUARDED_AVAILABILITY = YES_AGGRESSIVE;
				CLANG_WARN_UNREACHABLE_CODE = YES;
				CLANG_WARN__DUPLICATE_METHOD_MATCH = YES;
				COPY_PHASE_STRIP = NO;
				DEBUG_INFORMATION_FORMAT = dwarf;
				ENABLE_STRICT_OBJC_MSGSEND = YES;
				ENABLE_TESTABILITY = YES;
				GCC_C_LANGUAGE_STANDARD = gnu11;
				GCC_DYNAMIC_NO_PIC = NO;
				GCC_NO_COMMON_BLOCKS = YES;
				GCC_OPTIMIZATION_LEVEL = 0;
				GCC_PREPROCESSOR_DEFINITIONS = (
					"DEBUG=1",
					"$(inherited)",
				);
				GCC_WARN_64_TO_32_BIT_CONVERSION = YES;
				GCC_WARN_ABOUT_RETURN_TYPE = YES_ERROR;
				GCC_WARN_UNDECLARED_SELECTOR = YES;
				GCC_WARN_UNINITIALIZED_AUTOS = YES_AGGRESSIVE;
				GCC_WARN_UNUSED_FUNCTION = YES;
				GCC_WARN_UNUSED_VARIABLE = YES;
				IPHONEOS_DEPLOYMENT_TARGET = 16.4;
				MTL_ENABLE_DEBUG_INFO = INCLUDE_SOURCE;
				MTL_FAST_MATH = YES;
				ONLY_ACTIVE_ARCH = YES;
				SDKROOT = iphoneos;
				SWIFT_ACTIVE_COMPILATION_CONDITIONS = DEBUG;
				SWIFT_OPTIMIZATION_LEVEL = "-Onone";
			};
			name = Debug;
		};
		E4B8BAB62AE07A580018F931 /* Release */ = {
			isa = XCBuildConfiguration;
			buildSettings = {
				ALWAYS_SEARCH_USER_PATHS = NO;
				CLANG_ANALYZER_NONNULL = YES;
				CLANG_ANALYZER_NUMBER_OBJECT_CONVERSION = YES_AGGRESSIVE;
				CLANG_CXX_LANGUAGE_STANDARD = "gnu++20";
				CLANG_ENABLE_MODULES = YES;
				CLANG_ENABLE_OBJC_ARC = YES;
				CLANG_ENABLE_OBJC_WEAK = YES;
				CLANG_WARN_BLOCK_CAPTURE_AUTORELEASING = YES;
				CLANG_WARN_BOOL_CONVERSION = YES;
				CLANG_WARN_COMMA = YES;
				CLANG_WARN_CONSTANT_CONVERSION = YES;
				CLANG_WARN_DEPRECATED_OBJC_IMPLEMENTATIONS = YES;
				CLANG_WARN_DIRECT_OBJC_ISA_USAGE = YES_ERROR;
				CLANG_WARN_DOCUMENTATION_COMMENTS = YES;
				CLANG_WARN_EMPTY_BODY = YES;
				CLANG_WARN_ENUM_CONVERSION = YES;
				CLANG_WARN_INFINITE_RECURSION = YES;
				CLANG_WARN_INT_CONVERSION = YES;
				CLANG_WARN_NON_LITERAL_NULL_CONVERSION = YES;
				CLANG_WARN_OBJC_IMPLICIT_RETAIN_SELF = YES;
				CLANG_WARN_OBJC_LITERAL_CONVERSION = YES;
				CLANG_WARN_OBJC_ROOT_CLASS = YES_ERROR;
				CLANG_WARN_QUOTED_INCLUDE_IN_FRAMEWORK_HEADER = YES;
				CLANG_WARN_RANGE_LOOP_ANALYSIS = YES;
				CLANG_WARN_STRICT_PROTOTYPES = YES;
				CLANG_WARN_SUSPICIOUS_MOVE = YES;
				CLANG_WARN_UNGUARDED_AVAILABILITY = YES_AGGRESSIVE;
				CLANG_WARN_UNREACHABLE_CODE = YES;
				CLANG_WARN__DUPLICATE_METHOD_MATCH = YES;
				COPY_PHASE_STRIP = NO;
				DEBUG_INFORMATION_FORMAT = "dwarf-with-dsym";
				ENABLE_NS_ASSERTIONS = NO;
				ENABLE_STRICT_OBJC_MSGSEND = YES;
				GCC_C_LANGUAGE_STANDARD = gnu11;
				GCC_NO_COMMON_BLOCKS = YES;
				GCC_WARN_64_TO_32_BIT_CONVERSION = YES;
				GCC_WARN_ABOUT_RETURN_TYPE = YES_ERROR;
				GCC_WARN_UNDECLARED_SELECTOR = YES;
				GCC_WARN_UNINITIALIZED_AUTOS = YES_AGGRESSIVE;
				GCC_WARN_UNUSED_FUNCTION = YES;
				GCC_WARN_UNUSED_VARIABLE = YES;
				IPHONEOS_DEPLOYMENT_TARGET = 16.4;
				MTL_ENABLE_DEBUG_INFO = NO;
				MTL_FAST_MATH = YES;
				SDKROOT = iphoneos;
				SWIFT_COMPILATION_MODE = wholemodule;
				SWIFT_OPTIMIZATION_LEVEL = "-O";
				VALIDATE_PRODUCT = YES;
			};
			name = Release;
		};
		E4B8BAB82AE07A580018F931 /* Debug */ = {
			isa = XCBuildConfiguration;
			buildSettings = {
				ASSETCATALOG_COMPILER_APPICON_NAME = AppIcon;
				ASSETCATALOG_COMPILER_GLOBAL_ACCENT_COLOR_NAME = AccentColor;
				CODE_SIGN_STYLE = Automatic;
				CURRENT_PROJECT_VERSION = 1;
				DEVELOPMENT_TEAM = 338U6KBSVH;
				GENERATE_INFOPLIST_FILE = YES;
				INFOPLIST_FILE = "Homework-1/Info.plist";
				INFOPLIST_KEY_UIApplicationSupportsIndirectInputEvents = YES;
				INFOPLIST_KEY_UILaunchStoryboardName = LaunchScreen;
				INFOPLIST_KEY_UISupportedInterfaceOrientations_iPad = "UIInterfaceOrientationPortrait UIInterfaceOrientationPortraitUpsideDown UIInterfaceOrientationLandscapeLeft UIInterfaceOrientationLandscapeRight";
				INFOPLIST_KEY_UISupportedInterfaceOrientations_iPhone = "UIInterfaceOrientationPortrait UIInterfaceOrientationLandscapeLeft UIInterfaceOrientationLandscapeRight";
				LD_RUNPATH_SEARCH_PATHS = (
					"$(inherited)",
					"@executable_path/Frameworks",
				);
				MARKETING_VERSION = 1.0;
				PRODUCT_BUNDLE_IDENTIFIER = "com.sulekaptan.Homework-1";
				PRODUCT_NAME = "$(TARGET_NAME)";
				SWIFT_EMIT_LOC_STRINGS = YES;
				SWIFT_VERSION = 5.0;
				TARGETED_DEVICE_FAMILY = "1,2";
			};
			name = Debug;
		};
		E4B8BAB92AE07A580018F931 /* Release */ = {
			isa = XCBuildConfiguration;
			buildSettings = {
				ASSETCATALOG_COMPILER_APPICON_NAME = AppIcon;
				ASSETCATALOG_COMPILER_GLOBAL_ACCENT_COLOR_NAME = AccentColor;
				CODE_SIGN_STYLE = Automatic;
				CURRENT_PROJECT_VERSION = 1;
				DEVELOPMENT_TEAM = 338U6KBSVH;
				GENERATE_INFOPLIST_FILE = YES;
				INFOPLIST_FILE = "Homework-1/Info.plist";
				INFOPLIST_KEY_UIApplicationSupportsIndirectInputEvents = YES;
				INFOPLIST_KEY_UILaunchStoryboardName = LaunchScreen;
				INFOPLIST_KEY_UISupportedInterfaceOrientations_iPad = "UIInterfaceOrientationPortrait UIInterfaceOrientationPortraitUpsideDown UIInterfaceOrientationLandscapeLeft UIInterfaceOrientationLandscapeRight";
				INFOPLIST_KEY_UISupportedInterfaceOrientations_iPhone = "UIInterfaceOrientationPortrait UIInterfaceOrientationLandscapeLeft UIInterfaceOrientationLandscapeRight";
				LD_RUNPATH_SEARCH_PATHS = (
					"$(inherited)",
					"@executable_path/Frameworks",
				);
				MARKETING_VERSION = 1.0;
				PRODUCT_BUNDLE_IDENTIFIER = "com.sulekaptan.Homework-1";
				PRODUCT_NAME = "$(TARGET_NAME)";
				SWIFT_EMIT_LOC_STRINGS = YES;
				SWIFT_VERSION = 5.0;
				TARGETED_DEVICE_FAMILY = "1,2";
			};
			name = Release;
		};
/* End XCBuildConfiguration section */

/* Begin XCConfigurationList section */
		E4B8BA9E2AE07A570018F931 /* Build configuration list for PBXProject "Homework-1" */ = {
			isa = XCConfigurationList;
			buildConfigurations = (
				E4B8BAB52AE07A580018F931 /* Debug */,
				E4B8BAB62AE07A580018F931 /* Release */,
			);
			defaultConfigurationIsVisible = 0;
			defaultConfigurationName = Release;
		};
		E4B8BAB72AE07A580018F931 /* Build configuration list for PBXNativeTarget "Homework-1" */ = {
			isa = XCConfigurationList;
			buildConfigurations = (
				E4B8BAB82AE07A580018F931 /* Debug */,
				E4B8BAB92AE07A580018F931 /* Release */,
			);
			defaultConfigurationIsVisible = 0;
			defaultConfigurationName = Release;
		};
/* End XCConfigurationList section */
	};
	rootObject = E4B8BA9B2AE07A570018F931 /* Project object */;
}
